
Microsoft Visual Studio Solution File, Format Version 12.00
# Visual Studio 2012
Project("{FAE04EC0-301F-11D3-BF4B-00C04F79EFBC}") = "PoliceVolunteerUI", "PoliceVolunteerUI\PoliceVolunteerUI.csproj", "{4FB026FA-8046-4B23-B6AD-905519A2BA2A}"
EndProject
Project("{FAE04EC0-301F-11D3-BF4B-00C04F79EFBC}") = "PoliceVolnteerDAL", "..\PoliceVolnteerDAL\PoliceVolnteerDAL\PoliceVolnteerDAL.csproj", "{C60FED36-F24C-41A6-967F-3230BF650D99}"
EndProject
Project("{FAE04EC0-301F-11D3-BF4B-00C04F79EFBC}") = "PoliceVolnteerBL", "..\PoliceVolnteerBL\PoliceVolnteerBL\PoliceVolnteerBL.csproj", "{4F2BE74E-9B7F-4790-BB15-F672AC13E945}"
EndProject
Project("{FAE04EC0-301F-11D3-BF4B-00C04F79EFBC}") = "PoliceVolunteerWebService", "PoliceVolunteerWebService\PoliceVolunteerWebService.csproj", "{DF024F5C-BE6D-4DC9-AD34-49E6AA3BABE9}"
EndProject
Global
	GlobalSection(SolutionConfigurationPlatforms) = preSolution
		Debug|Any CPU = Debug|Any CPU
		Release|Any CPU = Release|Any CPU
	EndGlobalSection
	GlobalSection(ProjectConfigurationPlatforms) = postSolution
		{4FB026FA-8046-4B23-B6AD-905519A2BA2A}.Debug|Any CPU.ActiveCfg = Debug|Any CPU
		{4FB026FA-8046-4B23-B6AD-905519A2BA2A}.Debug|Any CPU.Build.0 = Debug|Any CPU
		{4FB026FA-8046-4B23-B6AD-905519A2BA2A}.Release|Any CPU.ActiveCfg = Release|Any CPU
		{4FB026FA-8046-4B23-B6AD-905519A2BA2A}.Release|Any CPU.Build.0 = Release|Any CPU
		{C60FED36-F24C-41A6-967F-3230BF650D99}.Debug|Any CPU.ActiveCfg = Debug|Any CPU
		{C60FED36-F24C-41A6-967F-3230BF650D99}.Debug|Any CPU.Build.0 = Debug|Any CPU
		{C60FED36-F24C-41A6-967F-3230BF650D99}.Release|Any CPU.ActiveCfg = Release|Any CPU
		{C60FED36-F24C-41A6-967F-3230BF650D99}.Release|Any CPU.Build.0 = Release|Any CPU
		{4F2BE74E-9B7F-4790-BB15-F672AC13E945}.Debug|Any CPU.ActiveCfg = Debug|Any CPU
		{4F2BE74E-9B7F-4790-BB15-F672AC13E945}.Debug|Any CPU.Build.0 = Debug|Any CPU
		{4F2BE74E-9B7F-4790-BB15-F672AC13E945}.Release|Any CPU.ActiveCfg = Release|Any CPU
		{4F2BE74E-9B7F-4790-BB15-F672AC13E945}.Release|Any CPU.Build.0 = Release|Any CPU
		{DF024F5C-BE6D-4DC9-AD34-49E6AA3BABE9}.Debug|Any CPU.ActiveCfg = Debug|Any CPU
		{DF024F5C-BE6D-4DC9-AD34-49E6AA3BABE9}.Debug|Any CPU.Build.0 = Debug|Any CPU
		{DF024F5C-BE6D-4DC9-AD34-49E6AA3BABE9}.Release|Any CPU.ActiveCfg = Release|Any CPU
		{DF024F5C-BE6D-4DC9-AD34-49E6AA3BABE9}.Release|Any CPU.Build.0 = Release|Any CPU
	EndGlobalSection
	GlobalSection(SolutionProperties) = preSolution
		HideSolutionNode = FALSE
	EndGlobalSection
EndGlobal
